// !$*UTF8*$!
{
	archiveVersion = 1;
	classes = {
	};
	objectVersion = 50;
	objects = {

/* Begin PBXBuildFile section */
		1F0F26762355F285001FB87D /* AppDelegate.swift in Sources */ = {isa = PBXBuildFile; fileRef = 1F0F26752355F285001FB87D /* AppDelegate.swift */; };
		1F0F26782355F285001FB87D /* ViewController.swift in Sources */ = {isa = PBXBuildFile; fileRef = 1F0F26772355F285001FB87D /* ViewController.swift */; };
		1F0F267B2355F285001FB87D /* Main.storyboard in Resources */ = {isa = PBXBuildFile; fileRef = 1F0F26792355F285001FB87D /* Main.storyboard */; };
		1F0F267D2355F288001FB87D /* Assets.xcassets in Resources */ = {isa = PBXBuildFile; fileRef = 1F0F267C2355F288001FB87D /* Assets.xcassets */; };
		1F0F26802355F288001FB87D /* LaunchScreen.storyboard in Resources */ = {isa = PBXBuildFile; fileRef = 1F0F267E2355F288001FB87D /* LaunchScreen.storyboard */; };
		1F0F268B2355F288001FB87D /* HomepwnerTests.swift in Sources */ = {isa = PBXBuildFile; fileRef = 1F0F268A2355F288001FB87D /* HomepwnerTests.swift */; };
		1F0F26962355F288001FB87D /* HomepwnerUITests.swift in Sources */ = {isa = PBXBuildFile; fileRef = 1F0F26952355F288001FB87D /* HomepwnerUITests.swift */; };
		1F0F26A62355F5C8001FB87D /* ItemsViewController.swift in Sources */ = {isa = PBXBuildFile; fileRef = 1F0F26A52355F5C8001FB87D /* ItemsViewController.swift */; };
		1F0F26A82355F76A001FB87D /* Item.swift in Sources */ = {isa = PBXBuildFile; fileRef = 1F0F26A72355F76A001FB87D /* Item.swift */; };
		1F0F26AA2355FB70001FB87D /* ItemStore.swift in Sources */ = {isa = PBXBuildFile; fileRef = 1F0F26A92355FB70001FB87D /* ItemStore.swift */; };
/* End PBXBuildFile section */

/* Begin PBXContainerItemProxy section */
		1F0F26872355F288001FB87D /* PBXContainerItemProxy */ = {
			isa = PBXContainerItemProxy;
			containerPortal = 1F0F266A2355F285001FB87D /* Project object */;
			proxyType = 1;
			remoteGlobalIDString = 1F0F26712355F285001FB87D;
			remoteInfo = Homepwner;
		};
		1F0F26922355F288001FB87D /* PBXContainerItemProxy */ = {
			isa = PBXContainerItemProxy;
			containerPortal = 1F0F266A2355F285001FB87D /* Project object */;
			proxyType = 1;
			remoteGlobalIDString = 1F0F26712355F285001FB87D;
			remoteInfo = Homepwner;
		};
/* End PBXContainerItemProxy section */

/* Begin PBXFileReference section */
		1F0F26722355F285001FB87D /* Homepwner.app */ = {isa = PBXFileReference; explicitFileType = wrapper.application; includeInIndex = 0; path = Homepwner.app; sourceTree = BUILT_PRODUCTS_DIR; };
		1F0F26752355F285001FB87D /* AppDelegate.swift */ = {isa = PBXFileReference; lastKnownFileType = sourcecode.swift; path = AppDelegate.swift; sourceTree = "<group>"; };
		1F0F26772355F285001FB87D /* ViewController.swift */ = {isa = PBXFileReference; lastKnownFileType = sourcecode.swift; path = ViewController.swift; sourceTree = "<group>"; };
		1F0F267A2355F285001FB87D /* Base */ = {isa = PBXFileReference; lastKnownFileType = file.storyboard; name = Base; path = Base.lproj/Main.storyboard; sourceTree = "<group>"; };
		1F0F267C2355F288001FB87D /* Assets.xcassets */ = {isa = PBXFileReference; lastKnownFileType = folder.assetcatalog; path = Assets.xcassets; sourceTree = "<group>"; };
		1F0F267F2355F288001FB87D /* Base */ = {isa = PBXFileReference; lastKnownFileType = file.storyboard; name = Base; path = Base.lproj/LaunchScreen.storyboard; sourceTree = "<group>"; };
		1F0F26812355F288001FB87D /* Info.plist */ = {isa = PBXFileReference; lastKnownFileType = text.plist.xml; path = Info.plist; sourceTree = "<group>"; };
		1F0F26862355F288001FB87D /* HomepwnerTests.xctest */ = {isa = PBXFileReference; explicitFileType = wrapper.cfbundle; includeInIndex = 0; path = HomepwnerTests.xctest; sourceTree = BUILT_PRODUCTS_DIR; };
		1F0F268A2355F288001FB87D /* HomepwnerTests.swift */ = {isa = PBXFileReference; lastKnownFileType = sourcecode.swift; path = HomepwnerTests.swift; sourceTree = "<group>"; };
		1F0F268C2355F288001FB87D /* Info.plist */ = {isa = PBXFileReference; lastKnownFileType = text.plist.xml; path = Info.plist; sourceTree = "<group>"; };
		1F0F26912355F288001FB87D /* HomepwnerUITests.xctest */ = {isa = PBXFileReference; explicitFileType = wrapper.cfbundle; includeInIndex = 0; path = HomepwnerUITests.xctest; sourceTree = BUILT_PRODUCTS_DIR; };
		1F0F26952355F288001FB87D /* HomepwnerUITests.swift */ = {isa = PBXFileReference; lastKnownFileType = sourcecode.swift; path = HomepwnerUITests.swift; sourceTree = "<group>"; };
		1F0F26972355F288001FB87D /* Info.plist */ = {isa = PBXFileReference; lastKnownFileType = text.plist.xml; path = Info.plist; sourceTree = "<group>"; };
		1F0F26A52355F5C8001FB87D /* ItemsViewController.swift */ = {isa = PBXFileReference; lastKnownFileType = sourcecode.swift; path = ItemsViewController.swift; sourceTree = "<group>"; };
		1F0F26A72355F76A001FB87D /* Item.swift */ = {isa = PBXFileReference; lastKnownFileType = sourcecode.swift; path = Item.swift; sourceTree = "<group>"; };
		1F0F26A92355FB70001FB87D /* ItemStore.swift */ = {isa = PBXFileReference; lastKnownFileType = sourcecode.swift; path = ItemStore.swift; sourceTree = "<group>"; };
/* End PBXFileReference section */

/* Begin PBXFrameworksBuildPhase section */
		1F0F266F2355F285001FB87D /* Frameworks */ = {
			isa = PBXFrameworksBuildPhase;
			buildActionMask = 2147483647;
			files = (
			);
			runOnlyForDeploymentPostprocessing = 0;
		};
		1F0F26832355F288001FB87D /* Frameworks */ = {
			isa = PBXFrameworksBuildPhase;
			buildActionMask = 2147483647;
			files = (
			);
			runOnlyForDeploymentPostprocessing = 0;
		};
		1F0F268E2355F288001FB87D /* Frameworks */ = {
			isa = PBXFrameworksBuildPhase;
			buildActionMask = 2147483647;
			files = (
			);
			runOnlyForDeploymentPostprocessing = 0;
		};
/* End PBXFrameworksBuildPhase section */

/* Begin PBXGroup section */
		1F0F26692355F285001FB87D = {
			isa = PBXGroup;
			children = (
				1F0F26742355F285001FB87D /* Homepwner */,
				1F0F26892355F288001FB87D /* HomepwnerTests */,
				1F0F26942355F288001FB87D /* HomepwnerUITests */,
				1F0F26732355F285001FB87D /* Products */,
			);
			sourceTree = "<group>";
		};
		1F0F26732355F285001FB87D /* Products */ = {
			isa = PBXGroup;
			children = (
				1F0F26722355F285001FB87D /* Homepwner.app */,
				1F0F26862355F288001FB87D /* HomepwnerTests.xctest */,
				1F0F26912355F288001FB87D /* HomepwnerUITests.xctest */,
			);
			name = Products;
			sourceTree = "<group>";
		};
		1F0F26742355F285001FB87D /* Homepwner */ = {
			isa = PBXGroup;
			children = (
				1F0F26752355F285001FB87D /* AppDelegate.swift */,
				1F0F26772355F285001FB87D /* ViewController.swift */,
				1F0F26792355F285001FB87D /* Main.storyboard */,
				1F0F267C2355F288001FB87D /* Assets.xcassets */,
				1F0F267E2355F288001FB87D /* LaunchScreen.storyboard */,
				1F0F26812355F288001FB87D /* Info.plist */,
				1F0F26A52355F5C8001FB87D /* ItemsViewController.swift */,
				1F0F26A72355F76A001FB87D /* Item.swift */,
				1F0F26A92355FB70001FB87D /* ItemStore.swift */,
			);
			path = Homepwner;
			sourceTree = "<group>";
		};
		1F0F26892355F288001FB87D /* HomepwnerTests */ = {
			isa = PBXGroup;
			children = (
				1F0F268A2355F288001FB87D /* HomepwnerTests.swift */,
				1F0F268C2355F288001FB87D /* Info.plist */,
			);
			path = HomepwnerTests;
			sourceTree = "<group>";
		};
		1F0F26942355F288001FB87D /* HomepwnerUITests */ = {
			isa = PBXGroup;
			children = (
				1F0F26952355F288001FB87D /* HomepwnerUITests.swift */,
				1F0F26972355F288001FB87D /* Info.plist */,
			);
			path = HomepwnerUITests;
			sourceTree = "<group>";
		};
/* End PBXGroup section */

/* Begin PBXNativeTarget section */
		1F0F26712355F285001FB87D /* Homepwner */ = {
			isa = PBXNativeTarget;
			buildConfigurationList = 1F0F269A2355F288001FB87D /* Build configuration list for PBXNativeTarget "Homepwner" */;
			buildPhases = (
				1F0F266E2355F285001FB87D /* Sources */,
				1F0F266F2355F285001FB87D /* Frameworks */,
				1F0F26702355F285001FB87D /* Resources */,
			);
			buildRules = (
			);
			dependencies = (
			);
			name = Homepwner;
			productName = Homepwner;
			productReference = 1F0F26722355F285001FB87D /* Homepwner.app */;
			productType = "com.apple.product-type.application";
		};
		1F0F26852355F288001FB87D /* HomepwnerTests */ = {
			isa = PBXNativeTarget;
			buildConfigurationList = 1F0F269D2355F288001FB87D /* Build configuration list for PBXNativeTarget "HomepwnerTests" */;
			buildPhases = (
				1F0F26822355F288001FB87D /* Sources */,
				1F0F26832355F288001FB87D /* Frameworks */,
				1F0F26842355F288001FB87D /* Resources */,
			);
			buildRules = (
			);
			dependencies = (
				1F0F26882355F288001FB87D /* PBXTargetDependency */,
			);
			name = HomepwnerTests;
			productName = HomepwnerTests;
			productReference = 1F0F26862355F288001FB87D /* HomepwnerTests.xctest */;
			productType = "com.apple.product-type.bundle.unit-test";
		};
		1F0F26902355F288001FB87D /* HomepwnerUITests */ = {
			isa = PBXNativeTarget;
			buildConfigurationList = 1F0F26A02355F288001FB87D /* Build configuration list for PBXNativeTarget "HomepwnerUITests" */;
			buildPhases = (
				1F0F268D2355F288001FB87D /* Sources */,
				1F0F268E2355F288001FB87D /* Frameworks */,
				1F0F268F2355F288001FB87D /* Resources */,
			);
			buildRules = (
			);
			dependencies = (
				1F0F26932355F288001FB87D /* PBXTargetDependency */,
			);
			name = HomepwnerUITests;
			productName = HomepwnerUITests;
			productReference = 1F0F26912355F288001FB87D /* HomepwnerUITests.xctest */;
			productType = "com.apple.product-type.bundle.ui-testing";
		};
/* End PBXNativeTarget section */

/* Begin PBXProject section */
		1F0F266A2355F285001FB87D /* Project object */ = {
			isa = PBXProject;
			attributes = {
				LastSwiftUpdateCheck = 1020;
				LastUpgradeCheck = 1020;
				ORGANIZATIONNAME = "Vasquez, Juan G";
				TargetAttributes = {
					1F0F26712355F285001FB87D = {
						CreatedOnToolsVersion = 10.2.1;
					};
					1F0F26852355F288001FB87D = {
						CreatedOnToolsVersion = 10.2.1;
						TestTargetID = 1F0F26712355F285001FB87D;
					};
					1F0F26902355F288001FB87D = {
						CreatedOnToolsVersion = 10.2.1;
						TestTargetID = 1F0F26712355F285001FB87D;
					};
				};
			};
			buildConfigurationList = 1F0F266D2355F285001FB87D /* Build configuration list for PBXProject "Homepwner" */;
			compatibilityVersion = "Xcode 9.3";
			developmentRegion = en;
			hasScannedForEncodings = 0;
			knownRegions = (
				en,
				Base,
			);
			mainGroup = 1F0F26692355F285001FB87D;
			productRefGroup = 1F0F26732355F285001FB87D /* Products */;
			projectDirPath = "";
			projectRoot = "";
			targets = (
				1F0F26712355F285001FB87D /* Homepwner */,
				1F0F26852355F288001FB87D /* HomepwnerTests */,
				1F0F26902355F288001FB87D /* HomepwnerUITests */,
			);
		};
/* End PBXProject section */

/* Begin PBXResourcesBuildPhase section */
		1F0F26702355F285001FB87D /* Resources */ = {
			isa = PBXResourcesBuildPhase;
			buildActionMask = 2147483647;
			files = (
				1F0F26802355F288001FB87D /* LaunchScreen.storyboard in Resources */,
				1F0F267D2355F288001FB87D /* Assets.xcassets in Resources */,
				1F0F267B2355F285001FB87D /* Main.storyboard in Resources */,
			);
			runOnlyForDeploymentPostprocessing = 0;
		};
		1F0F26842355F288001FB87D /* Resources */ = {
			isa = PBXResourcesBuildPhase;
			buildActionMask = 2147483647;
			files = (
			);
			runOnlyForDeploymentPostprocessing = 0;
		};
		1F0F268F2355F288001FB87D /* Resources */ = {
			isa = PBXResourcesBuildPhase;
			buildActionMask = 2147483647;
			files = (
			);
			runOnlyForDeploymentPostprocessing = 0;
		};
/* End PBXResourcesBuildPhase section */

/* Begin PBXSourcesBuildPhase section */
		1F0F266E2355F285001FB87D /* Sources */ = {
			isa = PBXSourcesBuildPhase;
			buildActionMask = 2147483647;
			files = (
				1F0F26A82355F76A001FB87D /* Item.swift in Sources */,
				1F0F26782355F285001FB87D /* ViewController.swift in Sources */,
				1F0F26A62355F5C8001FB87D /* ItemsViewController.swift in Sources */,
				1F0F26AA2355FB70001FB87D /* ItemStore.swift in Sources */,
				1F0F26762355F285001FB87D /* AppDelegate.swift in Sources */,
			);
			runOnlyForDeploymentPostprocessing = 0;
		};
		1F0F26822355F288001FB87D /* Sources */ = {
			isa = PBXSourcesBuildPhase;
			buildActionMask = 2147483647;
			files = (
				1F0F268B2355F288001FB87D /* HomepwnerTests.swift in Sources */,
			);
			runOnlyForDeploymentPostprocessing = 0;
		};
		1F0F268D2355F288001FB87D /* Sources */ = {
			isa = PBXSourcesBuildPhase;
			buildActionMask = 2147483647;
			files = (
				1F0F26962355F288001FB87D /* HomepwnerUITests.swift in Sources */,
			);
			runOnlyForDeploymentPostprocessing = 0;
		};
/* End PBXSourcesBuildPhase section */

/* Begin PBXTargetDependency section */
		1F0F26882355F288001FB87D /* PBXTargetDependency */ = {
			isa = PBXTargetDependency;
			target = 1F0F26712355F285001FB87D /* Homepwner */;
			targetProxy = 1F0F26872355F288001FB87D /* PBXContainerItemProxy */;
		};
		1F0F26932355F288001FB87D /* PBXTargetDependency */ = {
			isa = PBXTargetDependency;
			target = 1F0F26712355F285001FB87D /* Homepwner */;
			targetProxy = 1F0F26922355F288001FB87D /* PBXContainerItemProxy */;
		};
/* End PBXTargetDependency section */

/* Begin PBXVariantGroup section */
		1F0F26792355F285001FB87D /* Main.storyboard */ = {
			isa = PBXVariantGroup;
			children = (
				1F0F267A2355F285001FB87D /* Base */,
			);
			name = Main.storyboard;
			sourceTree = "<group>";
		};
		1F0F267E2355F288001FB87D /* LaunchScreen.storyboard */ = {
			isa = PBXVariantGroup;
			children = (
				1F0F267F2355F288001FB87D /* Base */,
			);
			name = LaunchScreen.storyboard;
			sourceTree = "<group>";
		};
/* End PBXVariantGroup section */

/* Begin XCBuildConfiguration section */
		1F0F26982355F288001FB87D /* Debug */ = {
			isa = XCBuildConfiguration;
			buildSettings = {
				ALWAYS_SEARCH_USER_PATHS = NO;
				CLANG_ANALYZER_NONNULL = YES;
				CLANG_ANALYZER_NUMBER_OBJECT_CONVERSION = YES_AGGRESSIVE;
				CLANG_CXX_LANGUAGE_STANDARD = "gnu++14";
				CLANG_CXX_LIBRARY = "libc++";
				CLANG_ENABLE_MODULES = YES;
				CLANG_ENABLE_OBJC_ARC = YES;
				CLANG_ENABLE_OBJC_WEAK = YES;
				CLANG_WARN_BLOCK_CAPTURE_AUTORELEASING = YES;
				CLANG_WARN_BOOL_CONVERSION = YES;
				CLANG_WARN_COMMA = YES;
				CLANG_WARN_CONSTANT_CONVERSION = YES;
				CLANG_WARN_DEPRECATED_OBJC_IMPLEMENTATIONS = YES;
				CLANG_WARN_DIRECT_OBJC_ISA_USAGE = YES_ERROR;
				CLANG_WARN_DOCUMENTATION_COMMENTS = YES;
				CLANG_WARN_EMPTY_BODY = YES;
				CLANG_WARN_ENUM_CONVERSION = YES;
				CLANG_WARN_INFINITE_RECURSION = YES;
				CLANG_WARN_INT_CONVERSION = YES;
				CLANG_WARN_NON_LITERAL_NULL_CONVERSION = YES;
				CLANG_WARN_OBJC_IMPLICIT_RETAIN_SELF = YES;
				CLANG_WARN_OBJC_LITERAL_CONVERSION = YES;
				CLANG_WARN_OBJC_ROOT_CLASS = YES_ERROR;
				CLANG_WARN_RANGE_LOOP_ANALYSIS = YES;
				CLANG_WARN_STRICT_PROTOTYPES = YES;
				CLANG_WARN_SUSPICIOUS_MOVE = YES;
				CLANG_WARN_UNGUARDED_AVAILABILITY = YES_AGGRESSIVE;
				CLANG_WARN_UNREACHABLE_CODE = YES;
				CLANG_WARN__DUPLICATE_METHOD_MATCH = YES;
				CODE_SIGN_IDENTITY = "iPhone Developer";
				COPY_PHASE_STRIP = NO;
				DEBUG_INFORMATION_FORMAT = dwarf;
				ENABLE_STRICT_OBJC_MSGSEND = YES;
				ENABLE_TESTABILITY = YES;
				GCC_C_LANGUAGE_STANDARD = gnu11;
				GCC_DYNAMIC_NO_PIC = NO;
				GCC_NO_COMMON_BLOCKS = YES;
				GCC_OPTIMIZATION_LEVEL = 0;
				GCC_PREPROCESSOR_DEFINITIONS = (
					"DEBUG=1",
					"$(inherited)",
				);
				GCC_WARN_64_TO_32_BIT_CONVERSION = YES;
				GCC_WARN_ABOUT_RETURN_TYPE = YES_ERROR;
				GCC_WARN_UNDECLARED_SELECTOR = YES;
				GCC_WARN_UNINITIALIZED_AUTOS = YES_AGGRESSIVE;
				GCC_WARN_UNUSED_FUNCTION = YES;
				GCC_WARN_UNUSED_VARIABLE = YES;
				IPHONEOS_DEPLOYMENT_TARGET = 12.2;
				MTL_ENABLE_DEBUG_INFO = INCLUDE_SOURCE;
				MTL_FAST_MATH = YES;
				ONLY_ACTIVE_ARCH = YES;
				SDKROOT = iphoneos;
				SWIFT_ACTIVE_COMPILATION_CONDITIONS = DEBUG;
				SWIFT_OPTIMIZATION_LEVEL = "-Onone";
			};
			name = Debug;
		};
		1F0F26992355F288001FB87D /* Release */ = {
			isa = XCBuildConfiguration;
			buildSettings = {
				ALWAYS_SEARCH_USER_PATHS = NO;
				CLANG_ANALYZER_NONNULL = YES;
				CLANG_ANALYZER_NUMBER_OBJECT_CONVERSION = YES_AGGRESSIVE;
				CLANG_CXX_LANGUAGE_STANDARD = "gnu++14";
				CLANG_CXX_LIBRARY = "libc++";
				CLANG_ENABLE_MODULES = YES;
				CLANG_ENABLE_OBJC_ARC = YES;
				CLANG_ENABLE_OBJC_WEAK = YES;
				CLANG_WARN_BLOCK_CAPTURE_AUTORELEASING = YES;
				CLANG_WARN_BOOL_CONVERSION = YES;
				CLANG_WARN_COMMA = YES;
				CLANG_WARN_CONSTANT_CONVERSION = YES;
				CLANG_WARN_DEPRECATED_OBJC_IMPLEMENTATIONS = YES;
				CLANG_WARN_DIRECT_OBJC_ISA_USAGE = YES_ERROR;
				CLANG_WARN_DOCUMENTATION_COMMENTS = YES;
				CLANG_WARN_EMPTY_BODY = YES;
				CLANG_WARN_ENUM_CONVERSION = YES;
				CLANG_WARN_INFINITE_RECURSION = YES;
				CLANG_WARN_INT_CONVERSION = YES;
				CLANG_WARN_NON_LITERAL_NULL_CONVERSION = YES;
				CLANG_WARN_OBJC_IMPLICIT_RETAIN_SELF = YES;
				CLANG_WARN_OBJC_LITERAL_CONVERSION = YES;
				CLANG_WARN_OBJC_ROOT_CLASS = YES_ERROR;
				CLANG_WARN_RANGE_LOOP_ANALYSIS = YES;
				CLANG_WARN_STRICT_PROTOTYPES = YES;
				CLANG_WARN_SUSPICIOUS_MOVE = YES;
				CLANG_WARN_UNGUARDED_AVAILABILITY = YES_AGGRESSIVE;
				CLANG_WARN_UNREACHABLE_CODE = YES;
				CLANG_WARN__DUPLICATE_METHOD_MATCH = YES;
				CODE_SIGN_IDENTITY = "iPhone Developer";
				COPY_PHASE_STRIP = NO;
				DEBUG_INFORMATION_FORMAT = "dwarf-with-dsym";
				ENABLE_NS_ASSERTIONS = NO;
				ENABLE_STRICT_OBJC_MSGSEND = YES;
				GCC_C_LANGUAGE_STANDARD = gnu11;
				GCC_NO_COMMON_BLOCKS = YES;
				GCC_WARN_64_TO_32_BIT_CONVERSION = YES;
				GCC_WARN_ABOUT_RETURN_TYPE = YES_ERROR;
				GCC_WARN_UNDECLARED_SELECTOR = YES;
				GCC_WARN_UNINITIALIZED_AUTOS = YES_AGGRESSIVE;
				GCC_WARN_UNUSED_FUNCTION = YES;
				GCC_WARN_UNUSED_VARIABLE = YES;
				IPHONEOS_DEPLOYMENT_TARGET = 12.2;
				MTL_ENABLE_DEBUG_INFO = NO;
				MTL_FAST_MATH = YES;
				SDKROOT = iphoneos;
				SWIFT_COMPILATION_MODE = wholemodule;
				SWIFT_OPTIMIZATION_LEVEL = "-O";
				VALIDATE_PRODUCT = YES;
			};
			name = Release;
		};
		1F0F269B2355F288001FB87D /* Debug */ = {
			isa = XCBuildConfiguration;
			buildSettings = {
				ASSETCATALOG_COMPILER_APPICON_NAME = AppIcon;
				CODE_SIGN_STYLE = Automatic;
				INFOPLIST_FILE = Homepwner/Info.plist;
				LD_RUNPATH_SEARCH_PATHS = (
					"$(inherited)",
					"@executable_path/Frameworks",
				);
				PRODUCT_BUNDLE_IDENTIFIER = edu.milligan.Homepwner;
				PRODUCT_NAME = "$(TARGET_NAME)";
				SWIFT_VERSION = 5.0;
				TARGETED_DEVICE_FAMILY = "1,2";
			};
			name = Debug;
		};
		1F0F269C2355F288001FB87D /* Release */ = {
			isa = XCBuildConfiguration;
			buildSettings = {
				ASSETCATALOG_COMPILER_APPICON_NAME = AppIcon;
				CODE_SIGN_STYLE = Automatic;
				INFOPLIST_FILE = Homepwner/Info.plist;
				LD_RUNPATH_SEARCH_PATHS = (
					"$(inherited)",
					"@executable_path/Frameworks",
				);
				PRODUCT_BUNDLE_IDENTIFIER = edu.milligan.Homepwner;
				PRODUCT_NAME = "$(TARGET_NAME)";
				SWIFT_VERSION = 5.0;
				TARGETED_DEVICE_FAMILY = "1,2";
			};
			name = Release;
		};
		1F0F269E2355F288001FB87D /* Debug */ = {
			isa = XCBuildConfiguration;
			buildSettings = {
				ALWAYS_EMBED_SWIFT_STANDARD_LIBRARIES = YES;
				BUNDLE_LOADER = "$(TEST_HOST)";
				CODE_SIGN_STYLE = Automatic;
				INFOPLIST_FILE = HomepwnerTests/Info.plist;
				LD_RUNPATH_SEARCH_PATHS = (
					"$(inherited)",
					"@executable_path/Frameworks",
					"@loader_path/Frameworks",
				);
				PRODUCT_BUNDLE_IDENTIFIER = edu.milligan.HomepwnerTests;
				PRODUCT_NAME = "$(TARGET_NAME)";
				SWIFT_VERSION = 5.0;
				TARGETED_DEVICE_FAMILY = "1,2";
				TEST_HOST = "$(BUILT_PRODUCTS_DIR)/Homepwner.app/Homepwner";
			};
			name = Debug;
		};
		1F0F269F2355F288001FB87D /* Release */ = {
			isa = XCBuildConfiguration;
			buildSettings = {
				ALWAYS_EMBED_SWIFT_STANDARD_LIBRARIES = YES;
				BUNDLE_LOADER = "$(TEST_HOST)";
				CODE_SIGN_STYLE = Automatic;
				INFOPLIST_FILE = HomepwnerTests/Info.plist;
				LD_RUNPATH_SEARCH_PATHS = (
					"$(inherited)",
					"@executable_path/Frameworks",
					"@loader_path/Frameworks",
				);
				PRODUCT_BUNDLE_IDENTIFIER = edu.milligan.HomepwnerTests;
				PRODUCT_NAME = "$(TARGET_NAME)";
				SWIFT_VERSION = 5.0;
				TARGETED_DEVICE_FAMILY = "1,2";
				TEST_HOST = "$(BUILT_PRODUCTS_DIR)/Homepwner.app/Homepwner";
			};
			name = Release;
		};
		1F0F26A12355F288001FB87D /* Debug */ = {
			isa = XCBuildConfiguration;
			buildSettings = {
				ALWAYS_EMBED_SWIFT_STANDARD_LIBRARIES = YES;
				CODE_SIGN_STYLE = Automatic;
				INFOPLIST_FILE = HomepwnerUITests/Info.plist;
				LD_RUNPATH_SEARCH_PATHS = (
					"$(inherited)",
					"@executable_path/Frameworks",
					"@loader_path/Frameworks",
				);
				PRODUCT_BUNDLE_IDENTIFIER = edu.milligan.HomepwnerUITests;
				PRODUCT_NAME = "$(TARGET_NAME)";
				SWIFT_VERSION = 5.0;
				TARGETED_DEVICE_FAMILY = "1,2";
				TEST_TARGET_NAME = Homepwner;
			};
			name = Debug;
		};
		1F0F26A22355F288001FB87D /* Release */ = {
			isa = XCBuildConfiguration;
			buildSettings = {
				ALWAYS_EMBED_SWIFT_STANDARD_LIBRARIES = YES;
				CODE_SIGN_STYLE = Automatic;
				INFOPLIST_FILE = HomepwnerUITests/Info.plist;
				LD_RUNPATH_SEARCH_PATHS = (
					"$(inherited)",
					"@executable_path/Frameworks",
					"@loader_path/Frameworks",
				);
				PRODUCT_BUNDLE_IDENTIFIER = edu.milligan.HomepwnerUITests;
				PRODUCT_NAME = "$(TARGET_NAME)";
				SWIFT_VERSION = 5.0;
				TARGETED_DEVICE_FAMILY = "1,2";
				TEST_TARGET_NAME = Homepwner;
			};
			name = Release;
		};
/* End XCBuildConfiguration section */

/* Begin XCConfigurationList section */
		1F0F266D2355F285001FB87D /* Build configuration list for PBXProject "Homepwner" */ = {
			isa = XCConfigurationList;
			buildConfigurations = (
				1F0F26982355F288001FB87D /* Debug */,
				1F0F26992355F288001FB87D /* Release */,
			);
			defaultConfigurationIsVisible = 0;
			defaultConfigurationName = Release;
		};
		1F0F269A2355F288001FB87D /* Build configuration list for PBXNativeTarget "Homepwner" */ = {
			isa = XCConfigurationList;
			buildConfigurations = (
				1F0F269B2355F288001FB87D /* Debug */,
				1F0F269C2355F288001FB87D /* Release */,
			);
			defaultConfigurationIsVisible = 0;
			defaultConfigurationName = Release;
		};
		1F0F269D2355F288001FB87D /* Build configuration list for PBXNativeTarget "HomepwnerTests" */ = {
			isa = XCConfigurationList;
			buildConfigurations = (
				1F0F269E2355F288001FB87D /* Debug */,
				1F0F269F2355F288001FB87D /* Release */,
			);
			defaultConfigurationIsVisible = 0;
			defaultConfigurationName = Release;
		};
		1F0F26A02355F288001FB87D /* Build configuration list for PBXNativeTarget "HomepwnerUITests" */ = {
			isa = XCConfigurationList;
			buildConfigurations = (
				1F0F26A12355F288001FB87D /* Debug */,
				1F0F26A22355F288001FB87D /* Release */,
			);
			defaultConfigurationIsVisible = 0;
			defaultConfigurationName = Release;
		};
/* End XCConfigurationList section */
	};
	rootObject = 1F0F266A2355F285001FB87D /* Project object */;
}
